<?xml version="1.0" encoding="utf-8"?>
<Project ToolsVersion="4.0" xmlns="http://schemas.microsoft.com/developer/msbuild/2003">
  <ItemGroup>
    <Filter Include="Source Files">
      <UniqueIdentifier>{4FC737F1-C7A5-4376-A066-2A32D752A2FF}</UniqueIdentifier>
      <Extensions>cpp;c;cc;cxx;c++;cppm;ixx;def;odl;idl;hpj;bat;asm;asmx</Extensions>
    </Filter>
    <Filter Include="Header Files">
      <UniqueIdentifier>{93995380-89BD-4b04-88EB-625FBE52EBFB}</UniqueIdentifier>
      <Extensions>h;hh;hpp;hxx;h++;hm;inl;inc;ipp;xsd</Extensions>
    </Filter>
    <Filter Include="Resource Files">
      <UniqueIdentifier>{67DA6AB6-F800-4c08-8B7A-83BB121AAD01}</UniqueIdentifier>
      <Extensions>rc;ico;cur;bmp;dlg;rc2;rct;bin;rgs;gif;jpg;jpeg;jpe;resx;tiff;tif;png;wav;mfcribbon-ms</Extensions>
    </Filter>
  </ItemGroup>
  <ItemGroup>
    <ClCompile Include="spidctl_master.cpp">
      <Filter>Source Files</Filter>
    </ClCompile>
    <ClCompile Include="CmErrMsg.cpp">
      <Filter>Source Files</Filter>
    </ClCompile>
    <ClCompile Include="CmReport.cpp">
      <Filter>Source Files</Filter>
    </ClCompile>
    <ClCompile Include="Common.cpp">
      <Filter>Source Files</Filter>
    </ClCompile>
    <ClCompile Include="g_reg.cpp">
      <Filter>Source Files</Filter>
    </ClCompile>
    <ClCompile Include="G4_CommonPrototype.cpp">
      <Filter>Source Files</Filter>
    </ClCompile>
    <ClCompile Include="OrUnit.cpp">
      <Filter>Source Files</Filter>
    </ClCompile>
    <ClCompile Include="rvc_common_model.cpp">
      <Filter>Source Files</Filter>
    </ClCompile>
    <ClCompile Include="SELF2DEST.cpp">
      <Filter>Source Files</Filter>
    </ClCompile>
    <ClCompile Include="SELF2DEST_BASE.cpp">
      <Filter>Source Files</Filter>
    </ClCompile>
    <ClCompile Include="SPIDCTL_MASTER_Func.cpp">
      <Filter>Source Files</Filter>
    </ClCompile>
  </ItemGroup>
  <ItemGroup>
    <ClInclude Include="additionalGlobal.h">
      <Filter>Header Files</Filter>
    </ClInclude>
    <ClInclude Include="BusMasterBase.h">
      <Filter>Header Files</Filter>
    </ClInclude>
    <ClInclude Include="BusMasterFuncIf.h">
      <Filter>Header Files</Filter>
    </ClInclude>
    <ClInclude Include="BusMasterIf.h">
      <Filter>Header Files</Filter>
    </ClInclude>
    <ClInclude Include="BusSlaveBase.h">
      <Filter>Header Files</Filter>
    </ClInclude>
    <ClInclude Include="BusSlaveFuncIf.h">
      <Filter>Header Files</Filter>
    </ClInclude>
    <ClInclude Include="BusSlaveIf.h">
      <Filter>Header Files</Filter>
    </ClInclude>
    <ClInclude Include="BusTimeBase.h">
      <Filter>Header Files</Filter>
    </ClInclude>
    <ClInclude Include="CmErrMsg.h">
      <Filter>Header Files</Filter>
    </ClInclude>
    <ClInclude Include="CmReport.h">
      <Filter>Header Files</Filter>
    </ClInclude>
    <ClInclude Include="Common.h">
      <Filter>Header Files</Filter>
    </ClInclude>
    <ClInclude Include="DummyMaster.h">
      <Filter>Header Files</Filter>
    </ClInclude>
    <ClInclude Include="DummySlave.h">
      <Filter>Header Files</Filter>
    </ClInclude>
    <ClInclude Include="g_reg.h">
      <Filter>Header Files</Filter>
    </ClInclude>
    <ClInclude Include="G4_CommonPrototype.h">
      <Filter>Header Files</Filter>
    </ClInclude>
    <ClInclude Include="global.h">
      <Filter>Header Files</Filter>
    </ClInclude>
    <ClInclude Include="OrUnit.h">
      <Filter>Header Files</Filter>
    </ClInclude>
    <ClInclude Include="OSCI2.h">
      <Filter>Header Files</Filter>
    </ClInclude>
    <ClInclude Include="rvc_common_model.h">
      <Filter>Header Files</Filter>
    </ClInclude>
    <ClInclude Include="SELF2DEST.h">
      <Filter>Header Files</Filter>
    </ClInclude>
    <ClInclude Include="SELF2DEST_BASE.h">
      <Filter>Header Files</Filter>
    </ClInclude>
    <ClInclude Include="slct_sc_signal_ports.h">
      <Filter>Header Files</Filter>
    </ClInclude>
    <ClInclude Include="SPIDCTL_AgentController.h">
      <Filter>Header Files</Filter>
    </ClInclude>
    <ClInclude Include="SPIDCTL_MASTER.h">
      <Filter>Header Files</Filter>
    </ClInclude>
    <ClInclude Include="SPIDCTL_MASTER_Func.h">
      <Filter>Header Files</Filter>
    </ClInclude>
  </ItemGroup>
</Project>